// !$*UTF8*$!
{
	archiveVersion = 1;
	classes = {
	};
	objectVersion = 46;
	objects = {

/* Begin PBXBuildFile section */
		4C7A688819B3AF270031ABFA /* AppDelegate.swift in Sources */ = {isa = PBXBuildFile; fileRef = 4C7A688719B3AF270031ABFA /* AppDelegate.swift */; };
		4C7A688D19B3AF270031ABFA /* ViewController.swift in Sources */ = {isa = PBXBuildFile; fileRef = 4C7A688C19B3AF270031ABFA /* ViewController.swift */; };
		4C7A689019B3AF270031ABFA /* Main.storyboard in Resources */ = {isa = PBXBuildFile; fileRef = 4C7A688E19B3AF270031ABFA /* Main.storyboard */; };
		4C7A689219B3AF270031ABFA /* Images.xcassets in Resources */ = {isa = PBXBuildFile; fileRef = 4C7A689119B3AF270031ABFA /* Images.xcassets */; };
		4C7A689E19B3AF270031ABFA /* InterAPPtTests.swift in Sources */ = {isa = PBXBuildFile; fileRef = 4C7A689D19B3AF270031ABFA /* InterAPPtTests.swift */; };
		4C7A68AA19B3B4EE0031ABFA /* FacebookSDK.framework in Frameworks */ = {isa = PBXBuildFile; fileRef = 4C7A68A919B3B4EE0031ABFA /* FacebookSDK.framework */; };
		4C8D4A2419BCBF1B0032E080 /* User.swift in Sources */ = {isa = PBXBuildFile; fileRef = 4C8D4A2319BCBF1B0032E080 /* User.swift */; };
		4C8D4A2919BD3E4B0032E080 /* BaseModel.swift in Sources */ = {isa = PBXBuildFile; fileRef = 4C8D4A2819BD3E4B0032E080 /* BaseModel.swift */; };
		4C93C59219BD5C380049A0C5 /* InterAPPt.xcdatamodeld in Sources */ = {isa = PBXBuildFile; fileRef = 4C93C59019BD5C380049A0C5 /* InterAPPt.xcdatamodeld */; };
/* End PBXBuildFile section */

/* Begin PBXContainerItemProxy section */
		4C7A689819B3AF270031ABFA /* PBXContainerItemProxy */ = {
			isa = PBXContainerItemProxy;
			containerPortal = 4C7A687A19B3AF270031ABFA /* Project object */;
			proxyType = 1;
			remoteGlobalIDString = 4C7A688119B3AF270031ABFA;
			remoteInfo = InterAPPt;
		};
/* End PBXContainerItemProxy section */

/* Begin PBXFileReference section */
		4C7A688219B3AF270031ABFA /* InterAPPt.app */ = {isa = PBXFileReference; explicitFileType = wrapper.application; includeInIndex = 0; path = InterAPPt.app; sourceTree = BUILT_PRODUCTS_DIR; };
		4C7A688619B3AF270031ABFA /* Info.plist */ = {isa = PBXFileReference; lastKnownFileType = text.plist.xml; path = Info.plist; sourceTree = "<group>"; };
		4C7A688719B3AF270031ABFA /* AppDelegate.swift */ = {isa = PBXFileReference; lastKnownFileType = sourcecode.swift; path = AppDelegate.swift; sourceTree = "<group>"; };
		4C7A688C19B3AF270031ABFA /* ViewController.swift */ = {isa = PBXFileReference; lastKnownFileType = sourcecode.swift; path = ViewController.swift; sourceTree = "<group>"; };
		4C7A688F19B3AF270031ABFA /* Base */ = {isa = PBXFileReference; lastKnownFileType = file.storyboard; name = Base; path = Base.lproj/Main.storyboard; sourceTree = "<group>"; };
		4C7A689119B3AF270031ABFA /* Images.xcassets */ = {isa = PBXFileReference; lastKnownFileType = folder.assetcatalog; path = Images.xcassets; sourceTree = "<group>"; };
		4C7A689719B3AF270031ABFA /* InterAPPtTests.xctest */ = {isa = PBXFileReference; explicitFileType = wrapper.cfbundle; includeInIndex = 0; path = InterAPPtTests.xctest; sourceTree = BUILT_PRODUCTS_DIR; };
		4C7A689C19B3AF270031ABFA /* Info.plist */ = {isa = PBXFileReference; lastKnownFileType = text.plist.xml; path = Info.plist; sourceTree = "<group>"; };
		4C7A689D19B3AF270031ABFA /* InterAPPtTests.swift */ = {isa = PBXFileReference; lastKnownFileType = sourcecode.swift; path = InterAPPtTests.swift; sourceTree = "<group>"; };
		4C7A68A919B3B4EE0031ABFA /* FacebookSDK.framework */ = {isa = PBXFileReference; lastKnownFileType = wrapper.framework; path = FacebookSDK.framework; sourceTree = "<group>"; };
		4C7A68AB19B3B6340031ABFA /* InterAPPt-Bridging-Header.h */ = {isa = PBXFileReference; lastKnownFileType = sourcecode.c.h; path = "InterAPPt-Bridging-Header.h"; sourceTree = "<group>"; };
		4C8D4A2319BCBF1B0032E080 /* User.swift */ = {isa = PBXFileReference; fileEncoding = 4; lastKnownFileType = sourcecode.swift; path = User.swift; sourceTree = "<group>"; };
		4C8D4A2819BD3E4B0032E080 /* BaseModel.swift */ = {isa = PBXFileReference; fileEncoding = 4; lastKnownFileType = sourcecode.swift; path = BaseModel.swift; sourceTree = "<group>"; };
		4C93C59119BD5C380049A0C5 /* InterAPPt.xcdatamodel */ = {isa = PBXFileReference; lastKnownFileType = wrapper.xcdatamodel; path = InterAPPt.xcdatamodel; sourceTree = "<group>"; };
/* End PBXFileReference section */

/* Begin PBXFrameworksBuildPhase section */
		4C7A687F19B3AF270031ABFA /* Frameworks */ = {
			isa = PBXFrameworksBuildPhase;
			buildActionMask = 2147483647;
			files = (
				4C7A68AA19B3B4EE0031ABFA /* FacebookSDK.framework in Frameworks */,
			);
			runOnlyForDeploymentPostprocessing = 0;
		};
		4C7A689419B3AF270031ABFA /* Frameworks */ = {
			isa = PBXFrameworksBuildPhase;
			buildActionMask = 2147483647;
			files = (
			);
			runOnlyForDeploymentPostprocessing = 0;
		};
/* End PBXFrameworksBuildPhase section */

/* Begin PBXGroup section */
		4C7A687919B3AF270031ABFA = {
			isa = PBXGroup;
			children = (
				4C93C59019BD5C380049A0C5 /* InterAPPt.xcdatamodeld */,
				4C7A688419B3AF270031ABFA /* InterAPPt */,
				4C7A689A19B3AF270031ABFA /* InterAPPtTests */,
				4C7A688319B3AF270031ABFA /* Products */,
			);
			sourceTree = "<group>";
		};
		4C7A688319B3AF270031ABFA /* Products */ = {
			isa = PBXGroup;
			children = (
				4C7A688219B3AF270031ABFA /* InterAPPt.app */,
				4C7A689719B3AF270031ABFA /* InterAPPtTests.xctest */,
			);
			name = Products;
			sourceTree = "<group>";
		};
		4C7A688419B3AF270031ABFA /* InterAPPt */ = {
			isa = PBXGroup;
			children = (
				4C8D4A1F19BCBEC10032E080 /* Models */,
				4C7A68A719B3B4470031ABFA /* Frameworks */,
				4C7A688719B3AF270031ABFA /* AppDelegate.swift */,
				4C7A688C19B3AF270031ABFA /* ViewController.swift */,
				4C7A688E19B3AF270031ABFA /* Main.storyboard */,
				4C7A689119B3AF270031ABFA /* Images.xcassets */,
				4C7A688519B3AF270031ABFA /* Supporting Files */,
				4C7A68AB19B3B6340031ABFA /* InterAPPt-Bridging-Header.h */,
			);
			path = InterAPPt;
			sourceTree = "<group>";
		};
		4C7A688519B3AF270031ABFA /* Supporting Files */ = {
			isa = PBXGroup;
			children = (
				4C7A688619B3AF270031ABFA /* Info.plist */,
			);
			name = "Supporting Files";
			sourceTree = "<group>";
		};
		4C7A689A19B3AF270031ABFA /* InterAPPtTests */ = {
			isa = PBXGroup;
			children = (
				4C7A689D19B3AF270031ABFA /* InterAPPtTests.swift */,
				4C7A689B19B3AF270031ABFA /* Supporting Files */,
			);
			path = InterAPPtTests;
			sourceTree = "<group>";
		};
		4C7A689B19B3AF270031ABFA /* Supporting Files */ = {
			isa = PBXGroup;
			children = (
				4C7A689C19B3AF270031ABFA /* Info.plist */,
			);
			name = "Supporting Files";
			sourceTree = "<group>";
		};
		4C7A68A719B3B4470031ABFA /* Frameworks */ = {
			isa = PBXGroup;
			children = (
				4C7A68A919B3B4EE0031ABFA /* FacebookSDK.framework */,
			);
			name = Frameworks;
			sourceTree = "<group>";
		};
		4C8D4A1F19BCBEC10032E080 /* Models */ = {
			isa = PBXGroup;
			children = (
				4C8D4A2319BCBF1B0032E080 /* User.swift */,
				4C8D4A2819BD3E4B0032E080 /* BaseModel.swift */,
			);
			name = Models;
			sourceTree = "<group>";
		};
/* End PBXGroup section */

/* Begin PBXNativeTarget section */
		4C7A688119B3AF270031ABFA /* InterAPPt */ = {
			isa = PBXNativeTarget;
			buildConfigurationList = 4C7A68A119B3AF270031ABFA /* Build configuration list for PBXNativeTarget "InterAPPt" */;
			buildPhases = (
				4C7A687E19B3AF270031ABFA /* Sources */,
				4C7A687F19B3AF270031ABFA /* Frameworks */,
				4C7A688019B3AF270031ABFA /* Resources */,
			);
			buildRules = (
			);
			dependencies = (
			);
			name = InterAPPt;
			productName = InterAPPt;
			productReference = 4C7A688219B3AF270031ABFA /* InterAPPt.app */;
			productType = "com.apple.product-type.application";
		};
		4C7A689619B3AF270031ABFA /* InterAPPtTests */ = {
			isa = PBXNativeTarget;
			buildConfigurationList = 4C7A68A419B3AF270031ABFA /* Build configuration list for PBXNativeTarget "InterAPPtTests" */;
			buildPhases = (
				4C7A689319B3AF270031ABFA /* Sources */,
				4C7A689419B3AF270031ABFA /* Frameworks */,
				4C7A689519B3AF270031ABFA /* Resources */,
			);
			buildRules = (
			);
			dependencies = (
				4C7A689919B3AF270031ABFA /* PBXTargetDependency */,
			);
			name = InterAPPtTests;
			productName = InterAPPtTests;
			productReference = 4C7A689719B3AF270031ABFA /* InterAPPtTests.xctest */;
			productType = "com.apple.product-type.bundle.unit-test";
		};
/* End PBXNativeTarget section */

/* Begin PBXProject section */
		4C7A687A19B3AF270031ABFA /* Project object */ = {
			isa = PBXProject;
			attributes = {
				LastUpgradeCheck = 0600;
				ORGANIZATIONNAME = "Ryan Norman";
				TargetAttributes = {
					4C7A688119B3AF270031ABFA = {
						CreatedOnToolsVersion = 6.0;
						DevelopmentTeam = ZH7Q4VCUAY;
					};
					4C7A689619B3AF270031ABFA = {
						CreatedOnToolsVersion = 6.0;
						TestTargetID = 4C7A688119B3AF270031ABFA;
					};
				};
			};
			buildConfigurationList = 4C7A687D19B3AF270031ABFA /* Build configuration list for PBXProject "InterAPPt" */;
			compatibilityVersion = "Xcode 3.2";
			developmentRegion = English;
			hasScannedForEncodings = 0;
			knownRegions = (
				en,
				Base,
			);
			mainGroup = 4C7A687919B3AF270031ABFA;
			productRefGroup = 4C7A688319B3AF270031ABFA /* Products */;
			projectDirPath = "";
			projectRoot = "";
			targets = (
				4C7A688119B3AF270031ABFA /* InterAPPt */,
				4C7A689619B3AF270031ABFA /* InterAPPtTests */,
			);
		};
/* End PBXProject section */

/* Begin PBXResourcesBuildPhase section */
		4C7A688019B3AF270031ABFA /* Resources */ = {
			isa = PBXResourcesBuildPhase;
			buildActionMask = 2147483647;
			files = (
				4C7A689019B3AF270031ABFA /* Main.storyboard in Resources */,
				4C7A689219B3AF270031ABFA /* Images.xcassets in Resources */,
			);
			runOnlyForDeploymentPostprocessing = 0;
		};
		4C7A689519B3AF270031ABFA /* Resources */ = {
			isa = PBXResourcesBuildPhase;
			buildActionMask = 2147483647;
			files = (
			);
			runOnlyForDeploymentPostprocessing = 0;
		};
/* End PBXResourcesBuildPhase section */

/* Begin PBXSourcesBuildPhase section */
		4C7A687E19B3AF270031ABFA /* Sources */ = {
			isa = PBXSourcesBuildPhase;
			buildActionMask = 2147483647;
			files = (
				4C93C59219BD5C380049A0C5 /* InterAPPt.xcdatamodeld in Sources */,
				4C8D4A2419BCBF1B0032E080 /* User.swift in Sources */,
				4C7A688D19B3AF270031ABFA /* ViewController.swift in Sources */,
				4C7A688819B3AF270031ABFA /* AppDelegate.swift in Sources */,
				4C8D4A2919BD3E4B0032E080 /* BaseModel.swift in Sources */,
			);
			runOnlyForDeploymentPostprocessing = 0;
		};
		4C7A689319B3AF270031ABFA /* Sources */ = {
			isa = PBXSourcesBuildPhase;
			buildActionMask = 2147483647;
			files = (
				4C7A689E19B3AF270031ABFA /* InterAPPtTests.swift in Sources */,
			);
			runOnlyForDeploymentPostprocessing = 0;
		};
/* End PBXSourcesBuildPhase section */

/* Begin PBXTargetDependency section */
		4C7A689919B3AF270031ABFA /* PBXTargetDependency */ = {
			isa = PBXTargetDependency;
			target = 4C7A688119B3AF270031ABFA /* InterAPPt */;
			targetProxy = 4C7A689819B3AF270031ABFA /* PBXContainerItemProxy */;
		};
/* End PBXTargetDependency section */

/* Begin PBXVariantGroup section */
		4C7A688E19B3AF270031ABFA /* Main.storyboard */ = {
			isa = PBXVariantGroup;
			children = (
				4C7A688F19B3AF270031ABFA /* Base */,
			);
			name = Main.storyboard;
			sourceTree = "<group>";
		};
/* End PBXVariantGroup section */

/* Begin XCBuildConfiguration section */
		4C7A689F19B3AF270031ABFA /* Debug */ = {
			isa = XCBuildConfiguration;
			buildSettings = {
				ALWAYS_SEARCH_USER_PATHS = NO;
				CLANG_CXX_LANGUAGE_STANDARD = "gnu++0x";
				CLANG_CXX_LIBRARY = "libc++";
				CLANG_ENABLE_MODULES = YES;
				CLANG_ENABLE_OBJC_ARC = YES;
				CLANG_WARN_BOOL_CONVERSION = YES;
				CLANG_WARN_CONSTANT_CONVERSION = YES;
				CLANG_WARN_DIRECT_OBJC_ISA_USAGE = YES_ERROR;
				CLANG_WARN_EMPTY_BODY = YES;
				CLANG_WARN_ENUM_CONVERSION = YES;
				CLANG_WARN_INT_CONVERSION = YES;
				CLANG_WARN_OBJC_ROOT_CLASS = YES_ERROR;
				CLANG_WARN_UNREACHABLE_CODE = YES;
				CLANG_WARN__DUPLICATE_METHOD_MATCH = YES;
				"CODE_SIGN_IDENTITY[sdk=iphoneos*]" = "iPhone Developer";
				COPY_PHASE_STRIP = NO;
				ENABLE_STRICT_OBJC_MSGSEND = YES;
				GCC_C_LANGUAGE_STANDARD = gnu99;
				GCC_DYNAMIC_NO_PIC = NO;
				GCC_OPTIMIZATION_LEVEL = 0;
				GCC_PREPROCESSOR_DEFINITIONS = (
					"DEBUG=1",
					"$(inherited)",
				);
				GCC_SYMBOLS_PRIVATE_EXTERN = NO;
				GCC_WARN_64_TO_32_BIT_CONVERSION = YES;
				GCC_WARN_ABOUT_RETURN_TYPE = YES_ERROR;
				GCC_WARN_UNDECLARED_SELECTOR = YES;
				GCC_WARN_UNINITIALIZED_AUTOS = YES_AGGRESSIVE;
				GCC_WARN_UNUSED_FUNCTION = YES;
				GCC_WARN_UNUSED_VARIABLE = YES;
				IPHONEOS_DEPLOYMENT_TARGET = 8.0;
				MTL_ENABLE_DEBUG_INFO = YES;
				ONLY_ACTIVE_ARCH = YES;
				SDKROOT = iphoneos;
				SWIFT_OPTIMIZATION_LEVEL = "-Onone";
			};
			name = Debug;
		};
		4C7A68A019B3AF270031ABFA /* Release */ = {
			isa = XCBuildConfiguration;
			buildSettings = {
				ALWAYS_SEARCH_USER_PATHS = NO;
				CLANG_CXX_LANGUAGE_STANDARD = "gnu++0x";
				CLANG_CXX_LIBRARY = "libc++";
				CLANG_ENABLE_MODULES = YES;
				CLANG_ENABLE_OBJC_ARC = YES;
				CLANG_WARN_BOOL_CONVERSION = YES;
				CLANG_WARN_CONSTANT_CONVERSION = YES;
				CLANG_WARN_DIRECT_OBJC_ISA_USAGE = YES_ERROR;
				CLANG_WARN_EMPTY_BODY = YES;
				CLANG_WARN_ENUM_CONVERSION = YES;
				CLANG_WARN_INT_CONVERSION = YES;
				CLANG_WARN_OBJC_ROOT_CLASS = YES_ERROR;
				CLANG_WARN_UNREACHABLE_CODE = YES;
				CLANG_WARN__DUPLICATE_METHOD_MATCH = YES;
				"CODE_SIGN_IDENTITY[sdk=iphoneos*]" = "iPhone Developer";
				COPY_PHASE_STRIP = YES;
				ENABLE_NS_ASSERTIONS = NO;
				ENABLE_STRICT_OBJC_MSGSEND = YES;
				GCC_C_LANGUAGE_STANDARD = gnu99;
				GCC_WARN_64_TO_32_BIT_CONVERSION = YES;
				GCC_WARN_ABOUT_RETURN_TYPE = YES_ERROR;
				GCC_WARN_UNDECLARED_SELECTOR = YES;
				GCC_WARN_UNINITIALIZED_AUTOS = YES_AGGRESSIVE;
				GCC_WARN_UNUSED_FUNCTION = YES;
				GCC_WARN_UNUSED_VARIABLE = YES;
				IPHONEOS_DEPLOYMENT_TARGET = 8.0;
				MTL_ENABLE_DEBUG_INFO = NO;
				SDKROOT = iphoneos;
				VALIDATE_PRODUCT = YES;
			};
			name = Release;
		};
		4C7A68A219B3AF270031ABFA /* Debug */ = {
			isa = XCBuildConfiguration;
			buildSettings = {
				ASSETCATALOG_COMPILER_APPICON_NAME = AppIcon;
				ASSETCATALOG_COMPILER_LAUNCHIMAGE_NAME = LaunchImage;
				CLANG_ENABLE_MODULES = YES;
				CODE_SIGN_IDENTITY = "iPhone Developer";
				FRAMEWORK_SEARCH_PATHS = (
					"$(inherited)",
					"$(PROJECT_DIR)/InterAPPt",
				);
				INFOPLIST_FILE = InterAPPt/Info.plist;
				LD_RUNPATH_SEARCH_PATHS = "$(inherited) @executable_path/Frameworks";
				PRODUCT_NAME = "$(TARGET_NAME)";
				SWIFT_OBJC_BRIDGING_HEADER = "InterAPPt/InterAPPt-Bridging-Header.h";
				SWIFT_OPTIMIZATION_LEVEL = "-Onone";
			};
			name = Debug;
		};
		4C7A68A319B3AF270031ABFA /* Release */ = {
			isa = XCBuildConfiguration;
			buildSettings = {
				ASSETCATALOG_COMPILER_APPICON_NAME = AppIcon;
				ASSETCATALOG_COMPILER_LAUNCHIMAGE_NAME = LaunchImage;
				CLANG_ENABLE_MODULES = YES;
				CODE_SIGN_IDENTITY = "iPhone Developer";
				FRAMEWORK_SEARCH_PATHS = (
					"$(inherited)",
					"$(PROJECT_DIR)/InterAPPt",
				);
				INFOPLIST_FILE = InterAPPt/Info.plist;
				LD_RUNPATH_SEARCH_PATHS = "$(inherited) @executable_path/Frameworks";
				PRODUCT_NAME = "$(TARGET_NAME)";
				SWIFT_OBJC_BRIDGING_HEADER = "InterAPPt/InterAPPt-Bridging-Header.h";
			};
			name = Release;
		};
		4C7A68A519B3AF270031ABFA /* Debug */ = {
			isa = XCBuildConfiguration;
			buildSettings = {
				BUNDLE_LOADER = "$(TEST_HOST)";
				FRAMEWORK_SEARCH_PATHS = (
					"$(SDKROOT)/Developer/Library/Frameworks",
					"$(inherited)",
				);
				GCC_PREPROCESSOR_DEFINITIONS = (
					"DEBUG=1",
					"$(inherited)",
				);
				INFOPLIST_FILE = InterAPPtTests/Info.plist;
				LD_RUNPATH_SEARCH_PATHS = "$(inherited) @executable_path/Frameworks @loader_path/Frameworks";
				PRODUCT_NAME = "$(TARGET_NAME)";
				TEST_HOST = "$(BUILT_PRODUCTS_DIR)/InterAPPt.app/InterAPPt";
			};
			name = Debug;
		};
		4C7A68A619B3AF270031ABFA /* Release */ = {
			isa = XCBuildConfiguration;
			buildSettings = {
				BUNDLE_LOADER = "$(TEST_HOST)";
				FRAMEWORK_SEARCH_PATHS = (
					"$(SDKROOT)/Developer/Library/Frameworks",
					"$(inherited)",
				);
				INFOPLIST_FILE = InterAPPtTests/Info.plist;
				LD_RUNPATH_SEARCH_PATHS = "$(inherited) @executable_path/Frameworks @loader_path/Frameworks";
				PRODUCT_NAME = "$(TARGET_NAME)";
				TEST_HOST = "$(BUILT_PRODUCTS_DIR)/InterAPPt.app/InterAPPt";
			};
			name = Release;
		};
/* End XCBuildConfiguration section */

/* Begin XCConfigurationList section */
		4C7A687D19B3AF270031ABFA /* Build configuration list for PBXProject "InterAPPt" */ = {
			isa = XCConfigurationList;
			buildConfigurations = (
				4C7A689F19B3AF270031ABFA /* Debug */,
				4C7A68A019B3AF270031ABFA /* Release */,
			);
			defaultConfigurationIsVisible = 0;
			defaultConfigurationName = Release;
		};
		4C7A68A119B3AF270031ABFA /* Build configuration list for PBXNativeTarget "InterAPPt" */ = {
			isa = XCConfigurationList;
			buildConfigurations = (
				4C7A68A219B3AF270031ABFA /* Debug */,
				4C7A68A319B3AF270031ABFA /* Release */,
			);
			defaultConfigurationIsVisible = 0;
			defaultConfigurationName = Release;
		};
		4C7A68A419B3AF270031ABFA /* Build configuration list for PBXNativeTarget "InterAPPtTests" */ = {
			isa = XCConfigurationList;
			buildConfigurations = (
				4C7A68A519B3AF270031ABFA /* Debug */,
				4C7A68A619B3AF270031ABFA /* Release */,
			);
			defaultConfigurationIsVisible = 0;
			defaultConfigurationName = Release;
		};
/* End XCConfigurationList section */

/* Begin XCVersionGroup section */
		4C93C59019BD5C380049A0C5 /* InterAPPt.xcdatamodeld */ = {
			isa = XCVersionGroup;
			children = (
				4C93C59119BD5C380049A0C5 /* InterAPPt.xcdatamodel */,
			);
			currentVersion = 4C93C59119BD5C380049A0C5 /* InterAPPt.xcdatamodel */;
			path = InterAPPt.xcdatamodeld;
			sourceTree = "<group>";
			versionGroupType = wrapper.xcdatamodel;
		};
/* End XCVersionGroup section */
	};
	rootObject = 4C7A687A19B3AF270031ABFA /* Project object */;
}
